<?xml version="1.0" encoding="utf-8"?>
<Project ToolsVersion="4.0" xmlns="http://schemas.microsoft.com/developer/msbuild/2003">
  <ItemGroup>
    <Filter Include="Core">
      <UniqueIdentifier>{69297fdc-5417-4376-907f-98263f967f22}</UniqueIdentifier>
    </Filter>
    <Filter Include="Object">
      <UniqueIdentifier>{7b43f7f8-6eb4-4d3f-955e-b299348e4ca3}</UniqueIdentifier>
    </Filter>
    <Filter Include="PreCompile">
      <UniqueIdentifier>{fa5d8e66-eaf8-41ff-84e3-01c942549078}</UniqueIdentifier>
    </Filter>
    <Filter Include="Device">
      <UniqueIdentifier>{b135e5a2-c9fc-404e-ae35-357cd1c7d740}</UniqueIdentifier>
    </Filter>
    <Filter Include="Resources">
      <UniqueIdentifier>{1c3530dc-00dc-4d9e-af1e-4dc1dc926a85}</UniqueIdentifier>
    </Filter>
    <Filter Include="Resources\Texture">
      <UniqueIdentifier>{9106536e-e73b-4799-b263-11104c4ec88b}</UniqueIdentifier>
    </Filter>
    <Filter Include="Object\Actor">
      <UniqueIdentifier>{3f6d2d70-790d-4dee-9244-48ec17bc4d94}</UniqueIdentifier>
    </Filter>
    <Filter Include="Object\Actor\GameMode">
      <UniqueIdentifier>{3862eaf1-ea9d-498b-b758-725336f44c24}</UniqueIdentifier>
    </Filter>
    <Filter Include="Object\Component">
      <UniqueIdentifier>{e3c22cff-71f8-4869-8380-5a99b4009f68}</UniqueIdentifier>
    </Filter>
    <Filter Include="Object\Rendering">
      <UniqueIdentifier>{098c1eea-75ef-4145-b71a-df2e8823f7f3}</UniqueIdentifier>
    </Filter>
    <Filter Include="Resources\Mesh">
      <UniqueIdentifier>{43712be7-6f7d-4dd3-830d-4c0b5150cde5}</UniqueIdentifier>
    </Filter>
    <Filter Include="Object\EngineContent">
      <UniqueIdentifier>{31b3de69-b4e6-4ac5-8da8-f5400eec53a6}</UniqueIdentifier>
    </Filter>
    <Filter Include="Resources\Shader">
      <UniqueIdentifier>{ff9917b3-2c0b-4023-b02a-43185f4f755d}</UniqueIdentifier>
    </Filter>
    <Filter Include="Resources\RenderingSetting">
      <UniqueIdentifier>{31910360-48eb-413b-8dfe-306b8c0e4144}</UniqueIdentifier>
    </Filter>
    <Filter Include="Resources\ShaderResources">
      <UniqueIdentifier>{3f1714dc-d999-4427-bc85-f8eb0544d486}</UniqueIdentifier>
    </Filter>
    <Filter Include="ThirdParty">
      <UniqueIdentifier>{20e3d56f-084e-41dd-a596-27af90bf00ca}</UniqueIdentifier>
    </Filter>
    <Filter Include="ThirdParty\DirectXTex">
      <UniqueIdentifier>{561c4a63-87ea-4737-bfea-3532bea3a270}</UniqueIdentifier>
    </Filter>
    <Filter Include="ThirdParty\DirectXTex\Debug">
      <UniqueIdentifier>{f39b9d67-db6c-4f2f-b87f-2fd9b37303e6}</UniqueIdentifier>
    </Filter>
    <Filter Include="ThirdParty\DirectXTex\Inc">
      <UniqueIdentifier>{22c6bd9b-e7f6-4913-97f7-39e33b1e35e4}</UniqueIdentifier>
    </Filter>
    <Filter Include="ThirdParty\DirectXTex\Release">
      <UniqueIdentifier>{8db18c1a-18d8-44fd-a024-ade113298257}</UniqueIdentifier>
    </Filter>
    <Filter Include="Contents">
      <UniqueIdentifier>{f9557abb-5764-4ef4-86c9-6e8814026107}</UniqueIdentifier>
    </Filter>
    <Filter Include="Editor">
      <UniqueIdentifier>{35a3b67c-236e-4823-bb5e-48b61b852a5f}</UniqueIdentifier>
    </Filter>
    <Filter Include="Editor\Imgui">
      <UniqueIdentifier>{cef6f7aa-b577-4e42-9fc5-df9af2752c4a}</UniqueIdentifier>
    </Filter>
    <Filter Include="Editor\Contents">
      <UniqueIdentifier>{cb5d0f15-952c-43f8-bac8-0065212fa7c0}</UniqueIdentifier>
    </Filter>
    <Filter Include="Object\Component\Collision">
      <UniqueIdentifier>{26efc2f9-740f-4917-b332-6d1ca9805122}</UniqueIdentifier>
    </Filter>
    <Filter Include="Debug">
      <UniqueIdentifier>{0c19c5ae-af10-4c61-b190-e7b6091cf4c6}</UniqueIdentifier>
    </Filter>
    <Filter Include="Object\Component\Rendering">
      <UniqueIdentifier>{e1af08d5-92b0-47aa-bf52-1eaa44bef0c5}</UniqueIdentifier>
    </Filter>
    <Filter Include="Object\Component\Rendering\Contents">
      <UniqueIdentifier>{5a9ed8ef-d540-4993-8015-fd401c73a3db}</UniqueIdentifier>
    </Filter>
    <Filter Include="Object\Rendering\Contents">
      <UniqueIdentifier>{e7f868ad-3384-4447-a0b6-b9d8081572bc}</UniqueIdentifier>
    </Filter>
  </ItemGroup>
  <ItemGroup>
    <ClCompile Include="EngineCore.cpp">
      <Filter>Core</Filter>
    </ClCompile>
    <ClCompile Include="PreCompile.cpp">
      <Filter>PreCompile</Filter>
    </ClCompile>
    <ClCompile Include="EngineGraphicDevice.cpp">
      <Filter>Device</Filter>
    </ClCompile>
    <ClCompile Include="EngineTexture.cpp">
      <Filter>Resources\Texture</Filter>
    </ClCompile>
    <ClCompile Include="EngineRenderTarget.cpp">
      <Filter>Resources\Texture</Filter>
    </ClCompile>
    <ClCompile Include="EngineOption.cpp">
      <Filter>Core</Filter>
    </ClCompile>
    <ClCompile Include="Actor.cpp">
      <Filter>Object\Actor</Filter>
    </ClCompile>
    <ClCompile Include="GameMode.cpp">
      <Filter>Object\Actor\GameMode</Filter>
    </ClCompile>
    <ClCompile Include="ActorComponent.cpp">
      <Filter>Object\Component</Filter>
    </ClCompile>
    <ClCompile Include="SceneComponent.cpp">
      <Filter>Object\Component</Filter>
    </ClCompile>
    <ClCompile Include="Camera.cpp">
      <Filter>Object\Rendering</Filter>
    </ClCompile>
    <ClCompile Include="Level.cpp">
      <Filter>Object</Filter>
    </ClCompile>
    <ClCompile Include="TickObject.cpp">
      <Filter>Object</Filter>
    </ClCompile>
    <ClCompile Include="WorldObject.cpp">
      <Filter>Object</Filter>
    </ClCompile>
    <ClCompile Include="EngineVertexBuffer.cpp">
      <Filter>Resources\Mesh</Filter>
    </ClCompile>
    <ClCompile Include="EngineMesh.cpp">
      <Filter>Resources\Mesh</Filter>
    </ClCompile>
    <ClCompile Include="EngineIndexBuffer.cpp">
      <Filter>Resources\Mesh</Filter>
    </ClCompile>
    <ClCompile Include="EngineBuffer.cpp">
      <Filter>Resources\Mesh</Filter>
    </ClCompile>
    <ClCompile Include="EngineGraphicDevice_Resources.cpp">
      <Filter>Device</Filter>
    </ClCompile>
    <ClCompile Include="DefaultSceneComponent.cpp">
      <Filter>Object\EngineContent</Filter>
    </ClCompile>
    <ClCompile Include="EngineShader.cpp">
      <Filter>Resources\Shader</Filter>
    </ClCompile>
    <ClCompile Include="EngineVertexShader.cpp">
      <Filter>Resources\Shader</Filter>
    </ClCompile>
    <ClCompile Include="EnginePixelShader.cpp">
      <Filter>Resources\Shader</Filter>
    </ClCompile>
    <ClCompile Include="EngineRasterizer.cpp">
      <Filter>Resources\RenderingSetting</Filter>
    </ClCompile>
    <ClCompile Include="EngineMaterial.cpp">
      <Filter>Resources\RenderingSetting</Filter>
    </ClCompile>
    <ClCompile Include="EngineVertex.cpp">
      <Filter>Resources\Mesh</Filter>
    </ClCompile>
    <ClCompile Include="EngineInputLayOut.cpp">
      <Filter>Resources\Mesh</Filter>
    </ClCompile>
    <ClCompile Include="DirectXHelper.cpp">
      <Filter>Device</Filter>
    </ClCompile>
    <ClCompile Include="EngineConstantBuffer.cpp">
      <Filter>Resources\ShaderResources</Filter>
    </ClCompile>
    <ClCompile Include="EngineShaderResources.cpp">
      <Filter>Resources\ShaderResources</Filter>
    </ClCompile>
    <ClCompile Include="EngineSampler.cpp">
      <Filter>Resources\Texture</Filter>
    </ClCompile>
    <ClCompile Include="EngineSprite.cpp">
      <Filter>Resources\Texture</Filter>
    </ClCompile>
    <ClCompile Include="EngineBlend.cpp">
      <Filter>Resources\RenderingSetting</Filter>
    </ClCompile>
    <ClCompile Include="StateManager.cpp">
      <Filter>Contents</Filter>
    </ClCompile>
    <ClCompile Include="EngineEditorGUI.cpp">
      <Filter>Editor</Filter>
    </ClCompile>
    <ClCompile Include="imgui.cpp">
      <Filter>Editor\Imgui</Filter>
    </ClCompile>
    <ClCompile Include="imgui_demo.cpp">
      <Filter>Editor\Imgui</Filter>
    </ClCompile>
    <ClCompile Include="imgui_draw.cpp">
      <Filter>Editor\Imgui</Filter>
    </ClCompile>
    <ClCompile Include="imgui_impl_dx11.cpp">
      <Filter>Editor\Imgui</Filter>
    </ClCompile>
    <ClCompile Include="imgui_impl_win32.cpp">
      <Filter>Editor\Imgui</Filter>
    </ClCompile>
    <ClCompile Include="imgui_tables.cpp">
      <Filter>Editor\Imgui</Filter>
    </ClCompile>
    <ClCompile Include="imgui_widgets.cpp">
      <Filter>Editor\Imgui</Filter>
    </ClCompile>
    <ClCompile Include="EngineDebugMsgWindow.cpp">
      <Filter>Editor\Contents</Filter>
    </ClCompile>
    <ClCompile Include="EngineEditorWindow.cpp">
      <Filter>Editor</Filter>
    </ClCompile>
    <ClCompile Include="Collision.cpp">
      <Filter>Object\Component\Collision</Filter>
    </ClCompile>
    <ClCompile Include="EngineStruct.cpp">
      <Filter>Core</Filter>
    </ClCompile>
    <ClCompile Include="EngineDebug3D.cpp">
      <Filter>Debug</Filter>
    </ClCompile>
    <ClCompile Include="SpriteRenderer.cpp">
      <Filter>Object\Component\Rendering\Contents</Filter>
    </ClCompile>
    <ClCompile Include="TileRenderer.cpp">
      <Filter>Object\Component\Rendering\Contents</Filter>
    </ClCompile>
    <ClCompile Include="Renderer.cpp">
      <Filter>Object\Component\Rendering</Filter>
    </ClCompile>
    <ClCompile Include="RenderUnit.cpp">
      <Filter>Debug</Filter>
    </ClCompile>
    <ClCompile Include="Widget.cpp" />
    <ClCompile Include="Image.cpp" />
    <ClCompile Include="BlurEffect.cpp">
      <Filter>Object\Rendering\Contents</Filter>
    </ClCompile>
  </ItemGroup>
  <ItemGroup>
    <ClInclude Include="EngineCore.h">
      <Filter>Core</Filter>
    </ClInclude>
    <ClInclude Include="PreCompile.h">
      <Filter>PreCompile</Filter>
    </ClInclude>
    <ClInclude Include="EngineGraphicDevice.h">
      <Filter>Device</Filter>
    </ClInclude>
    <ClInclude Include="EngineTexture.h">
      <Filter>Resources\Texture</Filter>
    </ClInclude>
    <ClInclude Include="EngineRenderTarget.h">
      <Filter>Resources\Texture</Filter>
    </ClInclude>
    <ClInclude Include="EngineOption.h">
      <Filter>Core</Filter>
    </ClInclude>
    <ClInclude Include="Actor.h">
      <Filter>Object\Actor</Filter>
    </ClInclude>
    <ClInclude Include="GameMode.h">
      <Filter>Object\Actor\GameMode</Filter>
    </ClInclude>
    <ClInclude Include="ActorComponent.h">
      <Filter>Object\Component</Filter>
    </ClInclude>
    <ClInclude Include="SceneComponent.h">
      <Filter>Object\Component</Filter>
    </ClInclude>
    <ClInclude Include="Camera.h">
      <Filter>Object\Rendering</Filter>
    </ClInclude>
    <ClInclude Include="Level.h">
      <Filter>Object</Filter>
    </ClInclude>
    <ClInclude Include="TickObject.h">
      <Filter>Object</Filter>
    </ClInclude>
    <ClInclude Include="WorldObject.h">
      <Filter>Object</Filter>
    </ClInclude>
    <ClInclude Include="EngineVertexBuffer.h">
      <Filter>Resources\Mesh</Filter>
    </ClInclude>
    <ClInclude Include="EngineVertex.h">
      <Filter>Resources\Mesh</Filter>
    </ClInclude>
    <ClInclude Include="EngineMesh.h">
      <Filter>Resources\Mesh</Filter>
    </ClInclude>
    <ClInclude Include="EngineIndexBuffer.h">
      <Filter>Resources\Mesh</Filter>
    </ClInclude>
    <ClInclude Include="EngineBuffer.h">
      <Filter>Resources\Mesh</Filter>
    </ClInclude>
    <ClInclude Include="DefaultSceneComponent.h">
      <Filter>Object\EngineContent</Filter>
    </ClInclude>
    <ClInclude Include="EngineShader.h">
      <Filter>Resources\Shader</Filter>
    </ClInclude>
    <ClInclude Include="EngineVertexShader.h">
      <Filter>Resources\Shader</Filter>
    </ClInclude>
    <ClInclude Include="EnginePixelShader.h">
      <Filter>Resources\Shader</Filter>
    </ClInclude>
    <ClInclude Include="EngineRasterizer.h">
      <Filter>Resources\RenderingSetting</Filter>
    </ClInclude>
    <ClInclude Include="EngineMaterial.h">
      <Filter>Resources\RenderingSetting</Filter>
    </ClInclude>
    <ClInclude Include="EngineInputLayOut.h">
      <Filter>Resources\Mesh</Filter>
    </ClInclude>
    <ClInclude Include="DirectXHelper.h">
      <Filter>Device</Filter>
    </ClInclude>
    <ClInclude Include="EngineEnums.h">
      <Filter>Core</Filter>
    </ClInclude>
    <ClInclude Include="EngineConstantBuffer.h">
      <Filter>Resources\ShaderResources</Filter>
    </ClInclude>
    <ClInclude Include="EngineShaderResources.h">
      <Filter>Resources\ShaderResources</Filter>
    </ClInclude>
    <ClInclude Include="EngineSampler.h">
      <Filter>Resources\Texture</Filter>
    </ClInclude>
    <ClInclude Include="..\..\ThirdPartyProject\DirectXTex\DirectXTex\DirectXTex.h">
      <Filter>ThirdParty\DirectXTex\Inc</Filter>
    </ClInclude>
    <ClInclude Include="EngineSprite.h">
      <Filter>Resources\Texture</Filter>
    </ClInclude>
    <ClInclude Include="EngineBlend.h">
      <Filter>Resources\RenderingSetting</Filter>
    </ClInclude>
    <ClInclude Include="StateManager.h">
      <Filter>Contents</Filter>
    </ClInclude>
    <ClInclude Include="EngineEditorGUI.h">
      <Filter>Editor</Filter>
    </ClInclude>
    <ClInclude Include="imconfig.h">
      <Filter>Editor\Imgui</Filter>
    </ClInclude>
    <ClInclude Include="imgui.h">
      <Filter>Editor\Imgui</Filter>
    </ClInclude>
    <ClInclude Include="imgui_impl_dx11.h">
      <Filter>Editor\Imgui</Filter>
    </ClInclude>
    <ClInclude Include="imgui_impl_win32.h">
      <Filter>Editor\Imgui</Filter>
    </ClInclude>
    <ClInclude Include="imgui_internal.h">
      <Filter>Editor\Imgui</Filter>
    </ClInclude>
    <ClInclude Include="imstb_rectpack.h">
      <Filter>Editor\Imgui</Filter>
    </ClInclude>
    <ClInclude Include="imstb_textedit.h">
      <Filter>Editor\Imgui</Filter>
    </ClInclude>
    <ClInclude Include="imstb_truetype.h">
      <Filter>Editor\Imgui</Filter>
    </ClInclude>
    <ClInclude Include="EngineDebugMsgWindow.h">
      <Filter>Editor\Contents</Filter>
    </ClInclude>
    <ClInclude Include="EngineEditorWindow.h">
      <Filter>Editor</Filter>
    </ClInclude>
    <ClInclude Include="EngineDefines.h">
      <Filter>Core</Filter>
    </ClInclude>
    <ClInclude Include="Collision.h">
      <Filter>Object\Component\Collision</Filter>
    </ClInclude>
    <ClInclude Include="EngineStruct.h">
      <Filter>Core</Filter>
    </ClInclude>
    <ClInclude Include="EngineDebug3D.h">
      <Filter>Debug</Filter>
    </ClInclude>
    <ClInclude Include="SpriteRenderer.h">
      <Filter>Object\Component\Rendering\Contents</Filter>
    </ClInclude>
    <ClInclude Include="TileRenderer.h">
      <Filter>Object\Component\Rendering\Contents</Filter>
    </ClInclude>
    <ClInclude Include="Renderer.h">
      <Filter>Object\Component\Rendering</Filter>
    </ClInclude>
    <ClInclude Include="RenderUnit.h">
      <Filter>Debug</Filter>
    </ClInclude>
    <ClInclude Include="Widget.h" />
    <ClInclude Include="Image.h" />
    <ClInclude Include="BlurEffect.h">
      <Filter>Object\Rendering\Contents</Filter>
    </ClInclude>
  </ItemGroup>
  <ItemGroup>
    <CopyFileToFolders Include="..\..\ThirdPartyProject\DirectXTex\DirectXTex\Bin\Desktop_2022\x64\Debug\DirectXTex.lib">
      <Filter>ThirdParty\DirectXTex\Debug</Filter>
    </CopyFileToFolders>
    <CopyFileToFolders Include="..\..\ThirdPartyProject\DirectXTex\DirectXTex\Bin\Desktop_2022\x64\Release\DirectXTex.lib">
      <Filter>ThirdParty\DirectXTex\Release</Filter>
    </CopyFileToFolders>
  </ItemGroup>
</Project>