<?xml version="1.0" encoding="utf-8"?>
<Project ToolsVersion="4.0" xmlns="http://schemas.microsoft.com/developer/msbuild/2003">
  <ItemGroup>
    <Filter Include="Core">
      <UniqueIdentifier>{e357487b-cc27-4e6f-98af-83da0af93b24}</UniqueIdentifier>
    </Filter>
    <Filter Include="PreCompile">
      <UniqueIdentifier>{f3d9c7ee-e9a0-4777-b2f9-75b4d48c11ce}</UniqueIdentifier>
    </Filter>
    <Filter Include="Level">
      <UniqueIdentifier>{cfa31789-c772-4b5b-8708-3c64e016c7dd}</UniqueIdentifier>
    </Filter>
    <Filter Include="Level\01_TitleLevel">
      <UniqueIdentifier>{a8b0d83b-4dd7-40b7-849d-21e40c1c25c2}</UniqueIdentifier>
    </Filter>
    <Filter Include="Level\01_TitleLevel\Actor">
      <UniqueIdentifier>{bc890273-e877-4692-9d0f-2034d5be737c}</UniqueIdentifier>
    </Filter>
    <Filter Include="Level\00_GameStart">
      <UniqueIdentifier>{eea35d04-489c-4dbb-8dd0-cdc3602e1bda}</UniqueIdentifier>
    </Filter>
    <Filter Include="Level\02_TownLevel">
      <UniqueIdentifier>{ca131621-22be-44b8-9b3f-2256c21e9af1}</UniqueIdentifier>
    </Filter>
    <Filter Include="Level\00_GameStart\Actor">
      <UniqueIdentifier>{c7eebbec-c57e-4ec9-bfc1-80bc2f09da2e}</UniqueIdentifier>
    </Filter>
    <Filter Include="Level\TestLevel">
      <UniqueIdentifier>{0d8d6560-cadb-4420-b17c-f2aeae13226b}</UniqueIdentifier>
    </Filter>
    <Filter Include="Level\TestLevel\Object">
      <UniqueIdentifier>{27d91663-f422-40e0-b91b-82c493e367b0}</UniqueIdentifier>
    </Filter>
    <Filter Include="Level\03_LasleyLevel">
      <UniqueIdentifier>{1dbb66fb-f01d-4b85-856e-659435d386cf}</UniqueIdentifier>
    </Filter>
    <Filter Include="Level\02_TownLevel\Actor">
      <UniqueIdentifier>{478d82ee-1ae0-4f5b-848b-e3e6c00cf3a8}</UniqueIdentifier>
    </Filter>
    <Filter Include="Level\03_LasleyLevel\Actor">
      <UniqueIdentifier>{5e12aeab-4292-49b9-a026-83c1bc32efc7}</UniqueIdentifier>
    </Filter>
    <Filter Include="Level\02_TownLevel\Actor\NPC">
      <UniqueIdentifier>{e59d1144-980c-4067-930f-1a7ad4297b05}</UniqueIdentifier>
    </Filter>
    <Filter Include="Level\03_LasleyLevel\GameMode">
      <UniqueIdentifier>{3e67d197-8c73-4163-9e2d-b700f79194f6}</UniqueIdentifier>
    </Filter>
    <Filter Include="Level\03_LasleyLevel\Actor\Boss">
      <UniqueIdentifier>{bd463087-5fd4-41d2-892e-c69e9ab1529d}</UniqueIdentifier>
    </Filter>
  </ItemGroup>
  <ItemGroup>
    <ClCompile Include="ContentsCore.cpp">
      <Filter>Core</Filter>
    </ClCompile>
    <ClCompile Include="PreCompile.cpp">
      <Filter>PreCompile</Filter>
    </ClCompile>
    <ClCompile Include="TestGameMode.cpp">
      <Filter>Level\TestLevel</Filter>
    </ClCompile>
    <ClCompile Include="TestActor.cpp">
      <Filter>Level\TestLevel\Object</Filter>
    </ClCompile>
    <ClCompile Include="TitleGameMode.cpp">
      <Filter>Level\01_TitleLevel</Filter>
    </ClCompile>
    <ClCompile Include="GameLogo.cpp">
      <Filter>Level\01_TitleLevel\Actor</Filter>
    </ClCompile>
    <ClCompile Include="TownGameMode.cpp">
      <Filter>Level\02_TownLevel</Filter>
    </ClCompile>
    <ClCompile Include="ContentsConstValue.cpp">
      <Filter>Core</Filter>
    </ClCompile>
    <ClCompile Include="BackGround.cpp">
      <Filter>Level\03_LasleyLevel\Actor</Filter>
    </ClCompile>
    <ClCompile Include="LasleyStageMap.cpp">
      <Filter>Level\03_LasleyLevel\Actor</Filter>
    </ClCompile>
    <ClCompile Include="Player.cpp">
      <Filter>Level\00_GameStart\Actor</Filter>
    </ClCompile>
    <ClCompile Include="GameStartGameMode.cpp">
      <Filter>Level\00_GameStart</Filter>
    </ClCompile>
    <ClCompile Include="Player_State.cpp">
      <Filter>Level\00_GameStart\Actor</Filter>
    </ClCompile>
    <ClCompile Include="GameStartGameMode_State.cpp">
      <Filter>Level\00_GameStart</Filter>
    </ClCompile>
    <ClCompile Include="LasleyGameMode.cpp">
      <Filter>Level\03_LasleyLevel\GameMode</Filter>
    </ClCompile>
    <ClCompile Include="Lasley.cpp">
      <Filter>Level\03_LasleyLevel\Actor\Boss</Filter>
    </ClCompile>
    <ClCompile Include="LasleySkill.cpp">
      <Filter>Level\03_LasleyLevel\Actor\Boss</Filter>
    </ClCompile>
    <ClCompile Include="Tentacle.cpp">
      <Filter>Level\03_LasleyLevel\Actor\Boss</Filter>
    </ClCompile>
  </ItemGroup>
  <ItemGroup>
    <ClInclude Include="ContentsCore.h">
      <Filter>Core</Filter>
    </ClInclude>
    <ClInclude Include="PreCompile.h">
      <Filter>PreCompile</Filter>
    </ClInclude>
    <ClInclude Include="TestGameMode.h">
      <Filter>Level\TestLevel</Filter>
    </ClInclude>
    <ClInclude Include="TestActor.h">
      <Filter>Level\TestLevel\Object</Filter>
    </ClInclude>
    <ClInclude Include="TitleGameMode.h">
      <Filter>Level\01_TitleLevel</Filter>
    </ClInclude>
    <ClInclude Include="ContentsEnums.h">
      <Filter>Core</Filter>
    </ClInclude>
    <ClInclude Include="GameLogo.h">
      <Filter>Level\01_TitleLevel\Actor</Filter>
    </ClInclude>
    <ClInclude Include="TownGameMode.h">
      <Filter>Level\02_TownLevel</Filter>
    </ClInclude>
    <ClInclude Include="ContentsConstValue.h">
      <Filter>Core</Filter>
    </ClInclude>
    <ClInclude Include="BackGround.h">
      <Filter>Level\03_LasleyLevel\Actor</Filter>
    </ClInclude>
    <ClInclude Include="LasleyStageMap.h">
      <Filter>Level\03_LasleyLevel\Actor</Filter>
    </ClInclude>
    <ClInclude Include="Player.h">
      <Filter>Level\00_GameStart\Actor</Filter>
    </ClInclude>
    <ClInclude Include="GameStartGameMode.h">
      <Filter>Level\00_GameStart</Filter>
    </ClInclude>
    <ClInclude Include="LasleyGameMode.h">
      <Filter>Level\03_LasleyLevel\GameMode</Filter>
    </ClInclude>
    <ClInclude Include="LasleySkill.h">
      <Filter>Level\03_LasleyLevel\Actor\Boss</Filter>
    </ClInclude>
    <ClInclude Include="Lasley.h">
      <Filter>Level\03_LasleyLevel\Actor\Boss</Filter>
    </ClInclude>
    <ClInclude Include="Tentacle.h">
      <Filter>Level\03_LasleyLevel\Actor\Boss</Filter>
    </ClInclude>
  </ItemGroup>
</Project>